PODS:
  - SJSwiftSideMenuController (0.2)

DEPENDENCIES:
  - SJSwiftSideMenuController (from `../`)

EXTERNAL SOURCES:
  SJSwiftSideMenuController:
    :path: ../

SPEC CHECKSUMS:
  SJSwiftSideMenuController: daa35436ce212c20a32b921993f2e765f8fe2d33

PODFILE CHECKSUM: 7b272830638dc0098aa418a370b67ecc0b7d7a9c

COCOAPODS: 1.2.1
