PODS:
  - SJSwiftSideMenuController (0.1.4)

DEPENDENCIES:
  - SJSwiftSideMenuController (from `../`)

EXTERNAL SOURCES:
  SJSwiftSideMenuController:
    :path: "../"

SPEC CHECKSUMS:
  SJSwiftSideMenuController: c16c9e9fcbb17349212282541a4de6909af68e15

PODFILE CHECKSUM: 57e97f378808e3af15f521d50ab87b0a9f010e10

COCOAPODS: 1.2.0.beta.3
