PODS:
  - SJSwiftSideMenuController (0.1.4)

DEPENDENCIES:
  - SJSwiftSideMenuController (from `../`)

EXTERNAL SOURCES:
  SJSwiftSideMenuController:
    :path: "../"

SPEC CHECKSUMS:
  SJSwiftSideMenuController: c16c9e9fcbb17349212282541a4de6909af68e15

PODFILE CHECKSUM: 388a5666ca66f5d74afea21a2bb6c9a958d5e642

COCOAPODS: 1.2.0.beta.3
